{
  "nodes": {
    "dirbuf": {
      "flake": false,
      "locked": {
        "lastModified": 1659496339,
        "narHash": "sha256-+lEylPTzChCeUkNl+DfUnIEJCR3A5/xqLxJY1sWlzDM=",
        "owner": "elihunter173",
        "repo": "dirbuf.nvim",
        "rev": "e0044552dfd865556e2ea5e603e4d56f705c5bba",
        "type": "github"
      },
      "original": {
        "owner": "elihunter173",
        "repo": "dirbuf.nvim",
        "type": "github"
      }
    },
    "emacs-overlay": {
      "inputs": {
        "flake-utils": "flake-utils",
        "nixpkgs": "nixpkgs"
      },
      "locked": {
        "lastModified": 1661048606,
        "narHash": "sha256-s5kRhiNnsAe5YoQhFZQS5MS+is0z9UjWlYvuObTGjjg=",
        "owner": "nix-community",
        "repo": "emacs-overlay",
        "rev": "798ab8fd2043e8b800a70a3eebd42388e34cf708",
        "type": "github"
      },
      "original": {
        "owner": "nix-community",
        "repo": "emacs-overlay",
        "type": "github"
      }
    },
    "flake-compat": {
      "flake": false,
      "locked": {
        "lastModified": 1650374568,
        "narHash": "sha256-Z+s0J8/r907g149rllvwhb4pKi8Wam5ij0st8PwAh+E=",
        "owner": "edolstra",
        "repo": "flake-compat",
        "rev": "b4a34015c698c7793d592d66adbab377907a2be8",
        "type": "github"
      },
      "original": {
        "owner": "edolstra",
        "repo": "flake-compat",
        "type": "github"
      }
    },
    "flake-utils": {
      "locked": {
        "lastModified": 1659877975,
        "narHash": "sha256-zllb8aq3YO3h8B/U0/J1WBgAL8EX5yWf5pMj3G0NAmc=",
        "owner": "numtide",
        "repo": "flake-utils",
        "rev": "c0e246b9b83f637f4681389ecabcb2681b4f3af0",
        "type": "github"
      },
      "original": {
        "owner": "numtide",
        "repo": "flake-utils",
        "type": "github"
      }
    },
    "flake-utils_2": {
      "locked": {
        "lastModified": 1644229661,
        "narHash": "sha256-1YdnJAsNy69bpcjuoKdOYQX0YxZBiCYZo4Twxerqv7k=",
        "owner": "numtide",
        "repo": "flake-utils",
        "rev": "3cecb5b042f7f209c56ffd8371b2711a290ec797",
        "type": "github"
      },
      "original": {
        "owner": "numtide",
        "repo": "flake-utils",
        "type": "github"
      }
    },
    "home-manager": {
      "inputs": {
        "nixpkgs": [
          "nixpkgs"
        ]
      },
      "locked": {
        "lastModified": 1656169755,
        "narHash": "sha256-Nlnm4jeQWEGjYrE6hxi/7HYHjBSZ/E0RtjCYifnNsWk=",
        "owner": "nix-community",
        "repo": "home-manager",
        "rev": "4a3d01fb53f52ac83194081272795aa4612c2381",
        "type": "github"
      },
      "original": {
        "owner": "nix-community",
        "ref": "release-22.05",
        "repo": "home-manager",
        "type": "github"
      }
    },
    "kmonad": {
      "inputs": {
        "nixpkgs": "nixpkgs_2"
      },
      "locked": {
        "dir": "nix",
        "lastModified": 1657871515,
        "narHash": "sha256-+mxd8hpxt7aWtJlhHn6HUNj9CWlvRQrHdFvrZMWU+WY=",
        "owner": "kmonad",
        "repo": "kmonad",
        "rev": "95bb58b7347ebacb4654fb21c798e1cd10331b0d",
        "type": "github"
      },
      "original": {
        "dir": "nix",
        "owner": "kmonad",
        "repo": "kmonad",
        "type": "github"
      }
    },
    "lf": {
      "flake": false,
      "locked": {
        "lastModified": 1659790406,
        "narHash": "sha256-NamLLYjLytyZvnC1Whb77pBPJYJ8m9cdcnsFB3CDVKs=",
        "owner": "gokcehan",
        "repo": "lf",
        "rev": "b0cb9268d802ef22f1dd646274a6ee1213570a7a",
        "type": "github"
      },
      "original": {
        "owner": "gokcehan",
        "repo": "lf",
        "type": "github"
      }
    },
    "neovim-flake": {
      "inputs": {
        "flake-utils": "flake-utils_2",
        "nixpkgs": [
          "neovim-nightly-overlay",
          "nixpkgs"
        ]
      },
      "locked": {
        "dir": "contrib",
        "lastModified": 1660982695,
        "narHash": "sha256-LJrwB5xU5+9ym8HY0eEA1QfUDb+UF9PWMy23WChGXdY=",
        "owner": "neovim",
        "repo": "neovim",
        "rev": "1cc4706e94489498b12c4844c1b3a2e9aa5cc921",
        "type": "github"
      },
      "original": {
        "dir": "contrib",
        "owner": "neovim",
        "repo": "neovim",
        "type": "github"
      }
    },
    "neovim-nightly-overlay": {
      "inputs": {
        "flake-compat": "flake-compat",
        "neovim-flake": "neovim-flake",
        "nixpkgs": "nixpkgs_3"
      },
      "locked": {
        "lastModified": 1660983413,
        "narHash": "sha256-qy254SuW4aeKoCSDkHc94PvBbiWBwKE2rYCbg2YgByA=",
        "owner": "nix-community",
        "repo": "neovim-nightly-overlay",
        "rev": "a8da96a656f22d5dfdd090a32293187159cb55ee",
        "type": "github"
      },
      "original": {
        "owner": "nix-community",
        "repo": "neovim-nightly-overlay",
        "type": "github"
      }
    },
    "nixos-hardware": {
      "locked": {
        "lastModified": 1660407119,
        "narHash": "sha256-04lWO0pDbhAXFdL4v2VzzwgxrZ5IefKn+TmZPiPeKxg=",
        "owner": "nixos",
        "repo": "nixos-hardware",
        "rev": "12620020f76b1b5d2b0e6fbbda831ed4f5fe56e1",
        "type": "github"
      },
      "original": {
        "owner": "nixos",
        "repo": "nixos-hardware",
        "type": "github"
      }
    },
    "nixpkgs": {
      "locked": {
        "lastModified": 1661008273,
        "narHash": "sha256-UpDqsGzUswIHG7FwzeIewjWlElF17UVLNbI2pwlbcBY=",
        "owner": "NixOS",
        "repo": "nixpkgs",
        "rev": "0cc6444e74cd21e8da8d81ef4cd778492e10f843",
        "type": "github"
      },
      "original": {
        "id": "nixpkgs",
        "type": "indirect"
      }
    },
    "nixpkgs-unstable": {
      "locked": {
        "lastModified": 1660908602,
        "narHash": "sha256-SwZ85IPWvC4NxxFhWhRMTJpApSHbY1u4YK2UFWEBWvY=",
        "owner": "NixOS",
        "repo": "nixpkgs",
        "rev": "495b19d5b3e62b4ec7e846bdfb6ef3d9c3b83492",
        "type": "github"
      },
      "original": {
        "owner": "NixOS",
        "ref": "nixos-unstable",
        "repo": "nixpkgs",
        "type": "github"
      }
    },
    "nixpkgs-very-unstable": {
      "locked": {
        "lastModified": 1661055685,
        "narHash": "sha256-cqs+TDe/a/kZRFiK56ZnFKu3ptjc59X6yaEibNDDDgs=",
        "owner": "NixOS",
        "repo": "nixpkgs",
        "rev": "afeb123d844b70c5df72ccf411dc2fee5e229ded",
        "type": "github"
      },
      "original": {
        "owner": "NixOS",
        "ref": "master",
        "repo": "nixpkgs",
        "type": "github"
      }
    },
    "nixpkgs_2": {
      "locked": {
        "lastModified": 1653326962,
        "narHash": "sha256-W8feCYqKTsMre4nAEpv5Kx1PVFC+hao/LwqtB2Wci/8=",
        "owner": "NixOS",
        "repo": "nixpkgs",
        "rev": "41cc1d5d9584103be4108c1815c350e07c807036",
        "type": "github"
      },
      "original": {
        "owner": "NixOS",
        "ref": "nixpkgs-unstable",
        "repo": "nixpkgs",
        "type": "github"
      }
    },
    "nixpkgs_3": {
      "locked": {
        "lastModified": 1660819943,
        "narHash": "sha256-TRZV/mlW1eYuojqDC3ueYWj7jsTKXJCtyMLNYX/Ybtw=",
        "owner": "nixos",
        "repo": "nixpkgs",
        "rev": "8ea014acc33da95ea56c902229957d8225005163",
        "type": "github"
      },
      "original": {
        "owner": "nixos",
        "ref": "nixos-unstable",
        "repo": "nixpkgs",
        "type": "github"
      }
    },
    "nixpkgs_4": {
      "locked": {
        "lastModified": 1661009065,
        "narHash": "sha256-i+Q2ttGp4uOL3j0wEYP3MXLcu/4L/WbChxGQogiNSZo=",
        "owner": "NixOS",
        "repo": "nixpkgs",
        "rev": "9a91318fffec81ad009b73fd3b640d2541d87909",
        "type": "github"
      },
      "original": {
        "owner": "NixOS",
        "ref": "nixos-22.05",
        "repo": "nixpkgs",
        "type": "github"
      }
    },
    "nur": {
      "locked": {
        "lastModified": 1661056622,
        "narHash": "sha256-CHnAsASJb/0u3jeNxzgFwIYWKyW1FEhUX+mEl2Cg1zU=",
        "owner": "nix-community",
        "repo": "NUR",
        "rev": "b0ebe831dd4add1ce7444f7ad94c55fdf8a215d9",
        "type": "github"
      },
      "original": {
        "owner": "nix-community",
        "repo": "NUR",
        "type": "github"
      }
    },
    "root": {
      "inputs": {
        "dirbuf": "dirbuf",
        "emacs-overlay": "emacs-overlay",
        "home-manager": "home-manager",
        "kmonad": "kmonad",
        "lf": "lf",
        "neovim-nightly-overlay": "neovim-nightly-overlay",
        "nixos-hardware": "nixos-hardware",
        "nixpkgs": "nixpkgs_4",
        "nixpkgs-unstable": "nixpkgs-unstable",
        "nixpkgs-very-unstable": "nixpkgs-very-unstable",
        "nur": "nur",
        "utils": "utils"
      }
    },
    "utils": {
      "locked": {
        "lastModified": 1659877975,
        "narHash": "sha256-zllb8aq3YO3h8B/U0/J1WBgAL8EX5yWf5pMj3G0NAmc=",
        "owner": "numtide",
        "repo": "flake-utils",
        "rev": "c0e246b9b83f637f4681389ecabcb2681b4f3af0",
        "type": "github"
      },
      "original": {
        "owner": "numtide",
        "repo": "flake-utils",
        "type": "github"
      }
    }
  },
  "root": "root",
  "version": 7
}
