{
  "nodes": {
    "dirbuf": {
      "flake": false,
      "locked": {
        "lastModified": 1661712690,
        "narHash": "sha256-35pNyVO0Yx+g5nvcFOmi2npb9Bnv83mkOtQJ2eKbSyc=",
        "owner": "elihunter173",
        "repo": "dirbuf.nvim",
        "rev": "ac7ad3c8e61630d15af1f6266441984f54f54fd2",
        "type": "github"
      },
      "original": {
        "owner": "elihunter173",
        "repo": "dirbuf.nvim",
        "type": "github"
      }
    },
    "emacs-overlay": {
      "inputs": {
        "flake-utils": "flake-utils",
        "nixpkgs": "nixpkgs"
      },
      "locked": {
        "lastModified": 1670063780,
        "narHash": "sha256-fbjH0DOJmR5AigMuWDC2wgglf7i4Xf3y+2XNWT4eztw=",
        "owner": "nix-community",
        "repo": "emacs-overlay",
        "rev": "d39052346c5fbb66c8210c263b0c8db8afd9fed2",
        "type": "github"
      },
      "original": {
        "owner": "nix-community",
        "repo": "emacs-overlay",
        "type": "github"
      }
    },
    "flake-compat": {
      "flake": false,
      "locked": {
        "lastModified": 1668681692,
        "narHash": "sha256-Ht91NGdewz8IQLtWZ9LCeNXMSXHUss+9COoqu6JLmXU=",
        "owner": "edolstra",
        "repo": "flake-compat",
        "rev": "009399224d5e398d03b22badca40a37ac85412a1",
        "type": "github"
      },
      "original": {
        "owner": "edolstra",
        "repo": "flake-compat",
        "type": "github"
      }
    },
    "flake-utils": {
      "locked": {
        "lastModified": 1667395993,
        "narHash": "sha256-nuEHfE/LcWyuSWnS8t12N1wc105Qtau+/OdUAjtQ0rA=",
        "owner": "numtide",
        "repo": "flake-utils",
        "rev": "5aed5285a952e0b949eb3ba02c12fa4fcfef535f",
        "type": "github"
      },
      "original": {
        "owner": "numtide",
        "repo": "flake-utils",
        "type": "github"
      }
    },
    "flake-utils_2": {
      "locked": {
        "lastModified": 1667395993,
        "narHash": "sha256-nuEHfE/LcWyuSWnS8t12N1wc105Qtau+/OdUAjtQ0rA=",
        "owner": "numtide",
        "repo": "flake-utils",
        "rev": "5aed5285a952e0b949eb3ba02c12fa4fcfef535f",
        "type": "github"
      },
      "original": {
        "owner": "numtide",
        "repo": "flake-utils",
        "type": "github"
      }
    },
    "home-manager": {
      "inputs": {
        "nixpkgs": [
          "nixpkgs"
        ],
        "utils": "utils"
      },
      "locked": {
        "lastModified": 1670059602,
        "narHash": "sha256-mtgVnAjlYYjJr2wDnfz94kIefLl61Ww7cjCpLVhN/6Y=",
        "owner": "nix-community",
        "repo": "home-manager",
        "rev": "6b71989c0dc1c8d386086334290c094240d51798",
        "type": "github"
      },
      "original": {
        "owner": "nix-community",
        "ref": "release-22.11",
        "repo": "home-manager",
        "type": "github"
      }
    },
    "kmonad": {
      "inputs": {
        "nixpkgs": "nixpkgs_2"
      },
      "locked": {
        "dir": "nix",
        "lastModified": 1669553353,
        "narHash": "sha256-q2sn1vqpzTAEmWLBnslEjKwTpTR1bT7YnuLbuLFfVUw=",
        "owner": "kmonad",
        "repo": "kmonad",
        "rev": "596ed91500d6908b3dc8b97023f431115900c470",
        "type": "github"
      },
      "original": {
        "dir": "nix",
        "owner": "kmonad",
        "repo": "kmonad",
        "type": "github"
      }
    },
    "lf": {
      "flake": false,
      "locked": {
        "lastModified": 1669652175,
        "narHash": "sha256-VpazqHu02/SzakEFHcnwtOQd2bqb518VWqjy0CAXF1o=",
        "owner": "gokcehan",
        "repo": "lf",
        "rev": "aa78b26e44574f3fef7cfdd4e6496dac405ba52f",
        "type": "github"
      },
      "original": {
        "owner": "gokcehan",
        "repo": "lf",
        "type": "github"
      }
    },
    "neovim-flake": {
      "inputs": {
        "flake-utils": "flake-utils_2",
        "nixpkgs": [
          "neovim-nightly-overlay",
          "nixpkgs"
        ]
      },
      "locked": {
        "dir": "contrib",
        "lastModified": 1670051386,
        "narHash": "sha256-8Aa8jwddIOvt6/1VAnz2qidKNLlz3IAP8M+ez2JOd1c=",
        "owner": "neovim",
        "repo": "neovim",
        "rev": "8f1ef3687554b25c46486f4a67df75cad9ae7357",
        "type": "github"
      },
      "original": {
        "dir": "contrib",
        "owner": "neovim",
        "repo": "neovim",
        "type": "github"
      }
    },
    "neovim-nightly-overlay": {
      "inputs": {
        "flake-compat": "flake-compat",
        "neovim-flake": "neovim-flake",
        "nixpkgs": "nixpkgs_3"
      },
      "locked": {
        "lastModified": 1670055239,
        "narHash": "sha256-dyibPuZnwHviq4NeD55PFP45lTqN2YjLc8eCVozl0vs=",
        "owner": "nix-community",
        "repo": "neovim-nightly-overlay",
        "rev": "0d93c459a0007a780eb51499cf3ddfece23b70a1",
        "type": "github"
      },
      "original": {
        "owner": "nix-community",
        "repo": "neovim-nightly-overlay",
        "type": "github"
      }
    },
    "nixos-hardware": {
      "locked": {
        "lastModified": 1669650994,
        "narHash": "sha256-uwASLUfedIQ5q01TtMwZDEV2HCZr5nVPZjzVgCG+D5I=",
        "owner": "nixos",
        "repo": "nixos-hardware",
        "rev": "7883883d135ce5b7eae5dce4bfa12262b85c1c46",
        "type": "github"
      },
      "original": {
        "owner": "nixos",
        "repo": "nixos-hardware",
        "type": "github"
      }
    },
    "nixpkgs": {
      "locked": {
        "lastModified": 0,
        "narHash": "sha256-nm+4PN0A4SnV0SzEchxrMyKPvI3Ld/aoom4PnHeHucs=",
        "path": "/nix/store/kmy3yfc596gvfm5lkxzbq37kxizdj78r-source",
        "type": "path"
      },
      "original": {
        "id": "nixpkgs",
        "type": "indirect"
      }
    },
    "nixpkgs-unstable": {
      "locked": {
        "lastModified": 1669791787,
        "narHash": "sha256-KBfoA2fOI5+wCrm7PR+j7jHqXeTkVRPQ0m5fcKchyuU=",
        "owner": "NixOS",
        "repo": "nixpkgs",
        "rev": "e76c78d20685a043d23f5f9e0ccd2203997f1fb1",
        "type": "github"
      },
      "original": {
        "owner": "NixOS",
        "ref": "nixos-unstable",
        "repo": "nixpkgs",
        "type": "github"
      }
    },
    "nixpkgs-very-unstable": {
      "locked": {
        "lastModified": 1670075801,
        "narHash": "sha256-xYpB7nS+RkJEw0vWW+MpdUQ345swYDLYeZgVQ867OeA=",
        "owner": "NixOS",
        "repo": "nixpkgs",
        "rev": "1a2415bb3258ec0c8b7bab3bf28b935542d889d2",
        "type": "github"
      },
      "original": {
        "owner": "NixOS",
        "ref": "master",
        "repo": "nixpkgs",
        "type": "github"
      }
    },
    "nixpkgs_2": {
      "locked": {
        "lastModified": 1653326962,
        "narHash": "sha256-W8feCYqKTsMre4nAEpv5Kx1PVFC+hao/LwqtB2Wci/8=",
        "owner": "NixOS",
        "repo": "nixpkgs",
        "rev": "41cc1d5d9584103be4108c1815c350e07c807036",
        "type": "github"
      },
      "original": {
        "owner": "NixOS",
        "ref": "nixpkgs-unstable",
        "repo": "nixpkgs",
        "type": "github"
      }
    },
    "nixpkgs_3": {
      "locked": {
        "lastModified": 1670020273,
        "narHash": "sha256-T2sQSkLMLn/4Hnf/SjKmhd6LVC9ZOAAGMdpTxf9ZXMY=",
        "owner": "nixos",
        "repo": "nixpkgs",
        "rev": "39a1b8ebca2cd8cfbdfba3e643afdd479146aad4",
        "type": "github"
      },
      "original": {
        "owner": "nixos",
        "ref": "nixpkgs-unstable",
        "repo": "nixpkgs",
        "type": "github"
      }
    },
    "nixpkgs_4": {
      "locked": {
        "lastModified": 1670009809,
        "narHash": "sha256-yt/dQ32Vz4WenDLu4XeHbnXFxiHbTcnU0WwiLW5Ce6c=",
        "owner": "NixOS",
        "repo": "nixpkgs",
        "rev": "660e7737851506374da39c0fa550c202c824a17c",
        "type": "github"
      },
      "original": {
        "owner": "NixOS",
        "ref": "nixos-22.11",
        "repo": "nixpkgs",
        "type": "github"
      }
    },
    "nur": {
      "locked": {
        "lastModified": 1669805596,
        "narHash": "sha256-g1CPQZ+1jGhY4bsjppk+gH5jfzzqmPlqGHg0zSYS3Hw=",
        "owner": "nix-community",
        "repo": "NUR",
        "rev": "c81b1e527f3a220abfa9bf8096153d52784c5007",
        "type": "github"
      },
      "original": {
        "owner": "nix-community",
        "repo": "NUR",
        "type": "github"
      }
    },
    "root": {
      "inputs": {
        "dirbuf": "dirbuf",
        "emacs-overlay": "emacs-overlay",
        "home-manager": "home-manager",
        "kmonad": "kmonad",
        "lf": "lf",
        "neovim-nightly-overlay": "neovim-nightly-overlay",
        "nixos-hardware": "nixos-hardware",
        "nixpkgs": "nixpkgs_4",
        "nixpkgs-unstable": "nixpkgs-unstable",
        "nixpkgs-very-unstable": "nixpkgs-very-unstable",
        "nur": "nur",
        "utils": "utils_2"
      }
    },
    "utils": {
      "locked": {
        "lastModified": 1667395993,
        "narHash": "sha256-nuEHfE/LcWyuSWnS8t12N1wc105Qtau+/OdUAjtQ0rA=",
        "owner": "numtide",
        "repo": "flake-utils",
        "rev": "5aed5285a952e0b949eb3ba02c12fa4fcfef535f",
        "type": "github"
      },
      "original": {
        "owner": "numtide",
        "repo": "flake-utils",
        "type": "github"
      }
    },
    "utils_2": {
      "locked": {
        "lastModified": 1667395993,
        "narHash": "sha256-nuEHfE/LcWyuSWnS8t12N1wc105Qtau+/OdUAjtQ0rA=",
        "owner": "numtide",
        "repo": "flake-utils",
        "rev": "5aed5285a952e0b949eb3ba02c12fa4fcfef535f",
        "type": "github"
      },
      "original": {
        "owner": "numtide",
        "repo": "flake-utils",
        "type": "github"
      }
    }
  },
  "root": "root",
  "version": 7
}
